
Microsoft Visual Studio Solution File, Format Version 12.00
# Visual Studio Version 17
VisualStudioVersion = 17.4.33103.184
MinimumVisualStudioVersion = 10.0.40219.1
Project("{888888A0-9F3D-457C-B088-3A5042F75D52}") = "Q39", "Q39.pyproj", "{5A35B140-D00D-498D-9A0A-D957BDBAA69E}"
EndProject
Global
	GlobalSection(SolutionConfigurationPlatforms) = preSolution
		Debug|Any CPU = Debug|Any CPU
		Release|Any CPU = Release|Any CPU
	EndGlobalSection
	GlobalSection(ProjectConfigurationPlatforms) = postSolution
		{5A35B140-D00D-498D-9A0A-D957BDBAA69E}.Debug|Any CPU.ActiveCfg = Debug|Any CPU
		{5A35B140-D00D-498D-9A0A-D957BDBAA69E}.Release|Any CPU.ActiveCfg = Release|Any CPU
	EndGlobalSection
	GlobalSection(SolutionProperties) = preSolution
		HideSolutionNode = FALSE
	EndGlobalSection
	GlobalSection(ExtensibilityGlobals) = postSolution
		SolutionGuid = {45E24B76-BED2-4ABE-B4E3-6605FC89D836}
	EndGlobalSection
EndGlobal
