
Microsoft Visual Studio Solution File, Format Version 12.00
# Visual Studio Version 17
VisualStudioVersion = 17.4.33103.184
MinimumVisualStudioVersion = 10.0.40219.1
Project("{888888A0-9F3D-457C-B088-3A5042F75D52}") = "Q36", "Q36.pyproj", "{6B5CB753-1C05-431A-A319-B0DC95BFB2DA}"
EndProject
Global
	GlobalSection(SolutionConfigurationPlatforms) = preSolution
		Debug|Any CPU = Debug|Any CPU
		Release|Any CPU = Release|Any CPU
	EndGlobalSection
	GlobalSection(ProjectConfigurationPlatforms) = postSolution
		{6B5CB753-1C05-431A-A319-B0DC95BFB2DA}.Debug|Any CPU.ActiveCfg = Debug|Any CPU
		{6B5CB753-1C05-431A-A319-B0DC95BFB2DA}.Release|Any CPU.ActiveCfg = Release|Any CPU
	EndGlobalSection
	GlobalSection(SolutionProperties) = preSolution
		HideSolutionNode = FALSE
	EndGlobalSection
	GlobalSection(ExtensibilityGlobals) = postSolution
		SolutionGuid = {E713F211-40CB-4335-B756-97EE3CE249C2}
	EndGlobalSection
EndGlobal
